
Microsoft Visual Studio Solution File, Format Version 12.00
Project("{FAE04EC0-301F-11D3-BF4B-00C04F79EFBC}") = "CafeManagement", "CafeManagement\CafeManagement.csproj", "{20BE09C6-268B-47F4-8AB7-9561FDFE275E}"
EndProject
Global
	GlobalSection(SolutionConfigurationPlatforms) = preSolution
		Debug|Any CPU = Debug|Any CPU
		Release|Any CPU = Release|Any CPU
	EndGlobalSection
	GlobalSection(ProjectConfigurationPlatforms) = postSolution
		{20BE09C6-268B-47F4-8AB7-9561FDFE275E}.Debug|Any CPU.ActiveCfg = Debug|Any CPU
		{20BE09C6-268B-47F4-8AB7-9561FDFE275E}.Debug|Any CPU.Build.0 = Debug|Any CPU
		{20BE09C6-268B-47F4-8AB7-9561FDFE275E}.Release|Any CPU.ActiveCfg = Release|Any CPU
		{20BE09C6-268B-47F4-8AB7-9561FDFE275E}.Release|Any CPU.Build.0 = Release|Any CPU
	EndGlobalSection
EndGlobal
